
Microsoft Visual Studio Solution File, Format Version 12.00
# Visual Studio 14
VisualStudioVersion = 14.0.23107.0
MinimumVisualStudioVersion = 10.0.40219.1
Project("{FAE04EC0-301F-11D3-BF4B-00C04F79EFBC}") = "BlocksWorld", "BlocksWorld\BlocksWorld.csproj", "{42BF44F4-1C83-4D24-B45B-025E0F2D2E73}"
EndProject
Project("{FAE04EC0-301F-11D3-BF4B-00C04F79EFBC}") = "BlocksWorld.Server", "BlocksWorld.Server\BlocksWorld.Server.csproj", "{17AA9A90-D1F0-41F1-8D6A-794AD9902BAC}"
EndProject
Project("{FAE04EC0-301F-11D3-BF4B-00C04F79EFBC}") = "BlocksWorld.Common", "BlocksWorld.Common\BlocksWorld.Common.csproj", "{E8CCE420-36D3-4F82-9BFC-270636CC7CDE}"
EndProject
Project("{2150E333-8FDC-42A3-9474-1A3956D46DE8}") = "Solution Items", "Solution Items", "{8865EC93-BC12-4FF6-B2C4-2632E6777222}"
	ProjectSection(SolutionItems) = preProject
		Performance1.psess = Performance1.psess
		README.md = README.md
	EndProjectSection
EndProject
Project("{FAE04EC0-301F-11D3-BF4B-00C04F79EFBC}") = "TexturePacker", "TexturePacker\TexturePacker.csproj", "{31816B00-E387-4326-8398-73486A378BBA}"
EndProject
Global
	GlobalSection(SolutionConfigurationPlatforms) = preSolution
		Debug|Any CPU = Debug|Any CPU
		Release|Any CPU = Release|Any CPU
	EndGlobalSection
	GlobalSection(ProjectConfigurationPlatforms) = postSolution
		{42BF44F4-1C83-4D24-B45B-025E0F2D2E73}.Debug|Any CPU.ActiveCfg = Debug|Any CPU
		{42BF44F4-1C83-4D24-B45B-025E0F2D2E73}.Debug|Any CPU.Build.0 = Debug|Any CPU
		{42BF44F4-1C83-4D24-B45B-025E0F2D2E73}.Release|Any CPU.ActiveCfg = Release|Any CPU
		{42BF44F4-1C83-4D24-B45B-025E0F2D2E73}.Release|Any CPU.Build.0 = Release|Any CPU
		{17AA9A90-D1F0-41F1-8D6A-794AD9902BAC}.Debug|Any CPU.ActiveCfg = Debug|Any CPU
		{17AA9A90-D1F0-41F1-8D6A-794AD9902BAC}.Debug|Any CPU.Build.0 = Debug|Any CPU
		{17AA9A90-D1F0-41F1-8D6A-794AD9902BAC}.Release|Any CPU.ActiveCfg = Release|Any CPU
		{17AA9A90-D1F0-41F1-8D6A-794AD9902BAC}.Release|Any CPU.Build.0 = Release|Any CPU
		{E8CCE420-36D3-4F82-9BFC-270636CC7CDE}.Debug|Any CPU.ActiveCfg = Debug|Any CPU
		{E8CCE420-36D3-4F82-9BFC-270636CC7CDE}.Debug|Any CPU.Build.0 = Debug|Any CPU
		{E8CCE420-36D3-4F82-9BFC-270636CC7CDE}.Release|Any CPU.ActiveCfg = Release|Any CPU
		{E8CCE420-36D3-4F82-9BFC-270636CC7CDE}.Release|Any CPU.Build.0 = Release|Any CPU
		{31816B00-E387-4326-8398-73486A378BBA}.Debug|Any CPU.ActiveCfg = Debug|Any CPU
		{31816B00-E387-4326-8398-73486A378BBA}.Debug|Any CPU.Build.0 = Debug|Any CPU
		{31816B00-E387-4326-8398-73486A378BBA}.Release|Any CPU.ActiveCfg = Release|Any CPU
		{31816B00-E387-4326-8398-73486A378BBA}.Release|Any CPU.Build.0 = Release|Any CPU
	EndGlobalSection
	GlobalSection(SolutionProperties) = preSolution
		HideSolutionNode = FALSE
	EndGlobalSection
EndGlobal
